// !$*UTF8*$!
{
	archiveVersion = 1;
	classes = {
	};
	objectVersion = 48;
	objects = {

/* Begin PBXBuildFile section */
		96C786471FDD3B1B00E9FD08 /* AppDelegate.swift in Sources */ = {isa = PBXBuildFile; fileRef = 96C786461FDD3B1B00E9FD08 /* AppDelegate.swift */; };
		96C786491FDD3B1B00E9FD08 /* art.scnassets in Resources */ = {isa = PBXBuildFile; fileRef = 96C786481FDD3B1B00E9FD08 /* art.scnassets */; };
		96C7864B1FDD3B1B00E9FD08 /* ViewController.swift in Sources */ = {isa = PBXBuildFile; fileRef = 96C7864A1FDD3B1B00E9FD08 /* ViewController.swift */; };
		96C7864E1FDD3B1B00E9FD08 /* Main.storyboard in Resources */ = {isa = PBXBuildFile; fileRef = 96C7864C1FDD3B1B00E9FD08 /* Main.storyboard */; };
		96C786501FDD3B1B00E9FD08 /* Assets.xcassets in Resources */ = {isa = PBXBuildFile; fileRef = 96C7864F1FDD3B1B00E9FD08 /* Assets.xcassets */; };
		96C786531FDD3B1B00E9FD08 /* LaunchScreen.storyboard in Resources */ = {isa = PBXBuildFile; fileRef = 96C786511FDD3B1B00E9FD08 /* LaunchScreen.storyboard */; };
/* End PBXBuildFile section */

/* Begin PBXFileReference section */
		96C786431FDD3B1B00E9FD08 /* ARBasketBall.app */ = {isa = PBXFileReference; explicitFileType = wrapper.application; includeInIndex = 0; path = ARBasketBall.app; sourceTree = BUILT_PRODUCTS_DIR; };
		96C786461FDD3B1B00E9FD08 /* AppDelegate.swift */ = {isa = PBXFileReference; lastKnownFileType = sourcecode.swift; path = AppDelegate.swift; sourceTree = "<group>"; };
		96C786481FDD3B1B00E9FD08 /* art.scnassets */ = {isa = PBXFileReference; lastKnownFileType = wrapper.scnassets; path = art.scnassets; sourceTree = "<group>"; };
		96C7864A1FDD3B1B00E9FD08 /* ViewController.swift */ = {isa = PBXFileReference; lastKnownFileType = sourcecode.swift; path = ViewController.swift; sourceTree = "<group>"; };
		96C7864D1FDD3B1B00E9FD08 /* Base */ = {isa = PBXFileReference; lastKnownFileType = file.storyboard; name = Base; path = Base.lproj/Main.storyboard; sourceTree = "<group>"; };
		96C7864F1FDD3B1B00E9FD08 /* Assets.xcassets */ = {isa = PBXFileReference; lastKnownFileType = folder.assetcatalog; path = Assets.xcassets; sourceTree = "<group>"; };
		96C786521FDD3B1B00E9FD08 /* Base */ = {isa = PBXFileReference; lastKnownFileType = file.storyboard; name = Base; path = Base.lproj/LaunchScreen.storyboard; sourceTree = "<group>"; };
		96C786541FDD3B1B00E9FD08 /* Info.plist */ = {isa = PBXFileReference; lastKnownFileType = text.plist.xml; path = Info.plist; sourceTree = "<group>"; };
/* End PBXFileReference section */

/* Begin PBXFrameworksBuildPhase section */
		96C786401FDD3B1B00E9FD08 /* Frameworks */ = {
			isa = PBXFrameworksBuildPhase;
			buildActionMask = 2147483647;
			files = (
			);
			runOnlyForDeploymentPostprocessing = 0;
		};
/* End PBXFrameworksBuildPhase section */

/* Begin PBXGroup section */
		96C7863A1FDD3B1A00E9FD08 = {
			isa = PBXGroup;
			children = (
				96C786451FDD3B1B00E9FD08 /* ARBasketBall */,
				96C786441FDD3B1B00E9FD08 /* Products */,
			);
			sourceTree = "<group>";
		};
		96C786441FDD3B1B00E9FD08 /* Products */ = {
			isa = PBXGroup;
			children = (
				96C786431FDD3B1B00E9FD08 /* ARBasketBall.app */,
			);
			name = Products;
			sourceTree = "<group>";
		};
		96C786451FDD3B1B00E9FD08 /* ARBasketBall */ = {
			isa = PBXGroup;
			children = (
				96C786461FDD3B1B00E9FD08 /* AppDelegate.swift */,
				96C786481FDD3B1B00E9FD08 /* art.scnassets */,
				96C7864A1FDD3B1B00E9FD08 /* ViewController.swift */,
				96C7864C1FDD3B1B00E9FD08 /* Main.storyboard */,
				96C7864F1FDD3B1B00E9FD08 /* Assets.xcassets */,
				96C786511FDD3B1B00E9FD08 /* LaunchScreen.storyboard */,
				96C786541FDD3B1B00E9FD08 /* Info.plist */,
			);
			path = ARBasketBall;
			sourceTree = "<group>";
		};
/* End PBXGroup section */

/* Begin PBXNativeTarget section */
		96C786421FDD3B1B00E9FD08 /* ARBasketBall */ = {
			isa = PBXNativeTarget;
			buildConfigurationList = 96C786571FDD3B1B00E9FD08 /* Build configuration list for PBXNativeTarget "ARBasketBall" */;
			buildPhases = (
				96C7863F1FDD3B1B00E9FD08 /* Sources */,
				96C786401FDD3B1B00E9FD08 /* Frameworks */,
				96C786411FDD3B1B00E9FD08 /* Resources */,
			);
			buildRules = (
			);
			dependencies = (
			);
			name = ARBasketBall;
			productName = ARBasketBall;
			productReference = 96C786431FDD3B1B00E9FD08 /* ARBasketBall.app */;
			productType = "com.apple.product-type.application";
		};
/* End PBXNativeTarget section */

/* Begin PBXProject section */
		96C7863B1FDD3B1A00E9FD08 /* Project object */ = {
			isa = PBXProject;
			attributes = {
				LastSwiftUpdateCheck = 0910;
				LastUpgradeCheck = 0910;
				ORGANIZATIONNAME = "Vamshi Krishna";
				TargetAttributes = {
					96C786421FDD3B1B00E9FD08 = {
						CreatedOnToolsVersion = 9.1;
						ProvisioningStyle = Automatic;
					};
				};
			};
			buildConfigurationList = 96C7863E1FDD3B1A00E9FD08 /* Build configuration list for PBXProject "ARBasketBall" */;
			compatibilityVersion = "Xcode 8.0";
			developmentRegion = en;
			hasScannedForEncodings = 0;
			knownRegions = (
				en,
				Base,
			);
			mainGroup = 96C7863A1FDD3B1A00E9FD08;
			productRefGroup = 96C786441FDD3B1B00E9FD08 /* Products */;
			projectDirPath = "";
			projectRoot = "";
			targets = (
				96C786421FDD3B1B00E9FD08 /* ARBasketBall */,
			);
		};
/* End PBXProject section */

/* Begin PBXResourcesBuildPhase section */
		96C786411FDD3B1B00E9FD08 /* Resources */ = {
			isa = PBXResourcesBuildPhase;
			buildActionMask = 2147483647;
			files = (
				96C786491FDD3B1B00E9FD08 /* art.scnassets in Resources */,
				96C786531FDD3B1B00E9FD08 /* LaunchScreen.storyboard in Resources */,
				96C786501FDD3B1B00E9FD08 /* Assets.xcassets in Resources */,
				96C7864E1FDD3B1B00E9FD08 /* Main.storyboard in Resources */,
			);
			runOnlyForDeploymentPostprocessing = 0;
		};
/* End PBXResourcesBuildPhase section */

/* Begin PBXSourcesBuildPhase section */
		96C7863F1FDD3B1B00E9FD08 /* Sources */ = {
			isa = PBXSourcesBuildPhase;
			buildActionMask = 2147483647;
			files = (
				96C7864B1FDD3B1B00E9FD08 /* ViewController.swift in Sources */,
				96C786471FDD3B1B00E9FD08 /* AppDelegate.swift in Sources */,
			);
			runOnlyForDeploymentPostprocessing = 0;
		};
/* End PBXSourcesBuildPhase section */

/* Begin PBXVariantGroup section */
		96C7864C1FDD3B1B00E9FD08 /* Main.storyboard */ = {
			isa = PBXVariantGroup;
			children = (
				96C7864D1FDD3B1B00E9FD08 /* Base */,
			);
			name = Main.storyboard;
			sourceTree = "<group>";
		};
		96C786511FDD3B1B00E9FD08 /* LaunchScreen.storyboard */ = {
			isa = PBXVariantGroup;
			children = (
				96C786521FDD3B1B00E9FD08 /* Base */,
			);
			name = LaunchScreen.storyboard;
			sourceTree = "<group>";
		};
/* End PBXVariantGroup section */

/* Begin XCBuildConfiguration section */
		96C786551FDD3B1B00E9FD08 /* Debug */ = {
			isa = XCBuildConfiguration;
			buildSettings = {
				ALWAYS_SEARCH_USER_PATHS = NO;
				CLANG_ANALYZER_NONNULL = YES;
				CLANG_ANALYZER_NUMBER_OBJECT_CONVERSION = YES_AGGRESSIVE;
				CLANG_CXX_LANGUAGE_STANDARD = "gnu++14";
				CLANG_CXX_LIBRARY = "libc++";
				CLANG_ENABLE_MODULES = YES;
				CLANG_ENABLE_OBJC_ARC = YES;
				CLANG_WARN_BLOCK_CAPTURE_AUTORELEASING = YES;
				CLANG_WARN_BOOL_CONVERSION = YES;
				CLANG_WARN_COMMA = YES;
				CLANG_WARN_CONSTANT_CONVERSION = YES;
				CLANG_WARN_DIRECT_OBJC_ISA_USAGE = YES_ERROR;
				CLANG_WARN_DOCUMENTATION_COMMENTS = YES;
				CLANG_WARN_EMPTY_BODY = YES;
				CLANG_WARN_ENUM_CONVERSION = YES;
				CLANG_WARN_INFINITE_RECURSION = YES;
				CLANG_WARN_INT_CONVERSION = YES;
				CLANG_WARN_NON_LITERAL_NULL_CONVERSION = YES;
				CLANG_WARN_OBJC_LITERAL_CONVERSION = YES;
				CLANG_WARN_OBJC_ROOT_CLASS = YES_ERROR;
				CLANG_WARN_RANGE_LOOP_ANALYSIS = YES;
				CLANG_WARN_STRICT_PROTOTYPES = YES;
				CLANG_WARN_SUSPICIOUS_MOVE = YES;
				CLANG_WARN_UNGUARDED_AVAILABILITY = YES_AGGRESSIVE;
				CLANG_WARN_UNREACHABLE_CODE = YES;
				CLANG_WARN__DUPLICATE_METHOD_MATCH = YES;
				CODE_SIGN_IDENTITY = "iPhone Developer";
				COPY_PHASE_STRIP = NO;
				DEBUG_INFORMATION_FORMAT = dwarf;
				ENABLE_STRICT_OBJC_MSGSEND = YES;
				ENABLE_TESTABILITY = YES;
				GCC_C_LANGUAGE_STANDARD = gnu11;
				GCC_DYNAMIC_NO_PIC = NO;
				GCC_NO_COMMON_BLOCKS = YES;
				GCC_OPTIMIZATION_LEVEL = 0;
				GCC_PREPROCESSOR_DEFINITIONS = (
					"DEBUG=1",
					"$(inherited)",
				);
				GCC_WARN_64_TO_32_BIT_CONVERSION = YES;
				GCC_WARN_ABOUT_RETURN_TYPE = YES_ERROR;
				GCC_WARN_UNDECLARED_SELECTOR = YES;
				GCC_WARN_UNINITIALIZED_AUTOS = YES_AGGRESSIVE;
				GCC_WARN_UNUSED_FUNCTION = YES;
				GCC_WARN_UNUSED_VARIABLE = YES;
				IPHONEOS_DEPLOYMENT_TARGET = 11.1;
				MTL_ENABLE_DEBUG_INFO = YES;
				ONLY_ACTIVE_ARCH = YES;
				SDKROOT = iphoneos;
				SWIFT_ACTIVE_COMPILATION_CONDITIONS = DEBUG;
				SWIFT_OPTIMIZATION_LEVEL = "-Onone";
			};
			name = Debug;
		};
		96C786561FDD3B1B00E9FD08 /* Release */ = {
			isa = XCBuildConfiguration;
			buildSettings = {
				ALWAYS_SEARCH_USER_PATHS = NO;
				CLANG_ANALYZER_NONNULL = YES;
				CLANG_ANALYZER_NUMBER_OBJECT_CONVERSION = YES_AGGRESSIVE;
				CLANG_CXX_LANGUAGE_STANDARD = "gnu++14";
				CLANG_CXX_LIBRARY = "libc++";
				CLANG_ENABLE_MODULES = YES;
				CLANG_ENABLE_OBJC_ARC = YES;
				CLANG_WARN_BLOCK_CAPTURE_AUTORELEASING = YES;
				CLANG_WARN_BOOL_CONVERSION = YES;
				CLANG_WARN_COMMA = YES;
				CLANG_WARN_CONSTANT_CONVERSION = YES;
				CLANG_WARN_DIRECT_OBJC_ISA_USAGE = YES_ERROR;
				CLANG_WARN_DOCUMENTATION_COMMENTS = YES;
				CLANG_WARN_EMPTY_BODY = YES;
				CLANG_WARN_ENUM_CONVERSION = YES;
				CLANG_WARN_INFINITE_RECURSION = YES;
				CLANG_WARN_INT_CONVERSION = YES;
				CLANG_WARN_NON_LITERAL_NULL_CONVERSION = YES;
				CLANG_WARN_OBJC_LITERAL_CONVERSION = YES;
				CLANG_WARN_OBJC_ROOT_CLASS = YES_ERROR;
				CLANG_WARN_RANGE_LOOP_ANALYSIS = YES;
				CLANG_WARN_STRICT_PROTOTYPES = YES;
				CLANG_WARN_SUSPICIOUS_MOVE = YES;
				CLANG_WARN_UNGUARDED_AVAILABILITY = YES_AGGRESSIVE;
				CLANG_WARN_UNREACHABLE_CODE = YES;
				CLANG_WARN__DUPLICATE_METHOD_MATCH = YES;
				CODE_SIGN_IDENTITY = "iPhone Developer";
				COPY_PHASE_STRIP = NO;
				DEBUG_INFORMATION_FORMAT = "dwarf-with-dsym";
				ENABLE_NS_ASSERTIONS = NO;
				ENABLE_STRICT_OBJC_MSGSEND = YES;
				GCC_C_LANGUAGE_STANDARD = gnu11;
				GCC_NO_COMMON_BLOCKS = YES;
				GCC_WARN_64_TO_32_BIT_CONVERSION = YES;
				GCC_WARN_ABOUT_RETURN_TYPE = YES_ERROR;
				GCC_WARN_UNDECLARED_SELECTOR = YES;
				GCC_WARN_UNINITIALIZED_AUTOS = YES_AGGRESSIVE;
				GCC_WARN_UNUSED_FUNCTION = YES;
				GCC_WARN_UNUSED_VARIABLE = YES;
				IPHONEOS_DEPLOYMENT_TARGET = 11.1;
				MTL_ENABLE_DEBUG_INFO = NO;
				SDKROOT = iphoneos;
				SWIFT_OPTIMIZATION_LEVEL = "-Owholemodule";
				VALIDATE_PRODUCT = YES;
			};
			name = Release;
		};
		96C786581FDD3B1B00E9FD08 /* Debug */ = {
			isa = XCBuildConfiguration;
			buildSettings = {
				ASSETCATALOG_COMPILER_APPICON_NAME = AppIcon;
				CODE_SIGN_STYLE = Automatic;
				INFOPLIST_FILE = ARBasketBall/Info.plist;
				LD_RUNPATH_SEARCH_PATHS = "$(inherited) @executable_path/Frameworks";
				PRODUCT_BUNDLE_IDENTIFIER = io.vamshi.ARBasketBall;
				PRODUCT_NAME = "$(TARGET_NAME)";
				SWIFT_VERSION = 4.0;
				TARGETED_DEVICE_FAMILY = "1,2";
			};
			name = Debug;
		};
		96C786591FDD3B1B00E9FD08 /* Release */ = {
			isa = XCBuildConfiguration;
			buildSettings = {
				ASSETCATALOG_COMPILER_APPICON_NAME = AppIcon;
				CODE_SIGN_STYLE = Automatic;
				INFOPLIST_FILE = ARBasketBall/Info.plist;
				LD_RUNPATH_SEARCH_PATHS = "$(inherited) @executable_path/Frameworks";
				PRODUCT_BUNDLE_IDENTIFIER = io.vamshi.ARBasketBall;
				PRODUCT_NAME = "$(TARGET_NAME)";
				SWIFT_VERSION = 4.0;
				TARGETED_DEVICE_FAMILY = "1,2";
			};
			name = Release;
		};
/* End XCBuildConfiguration section */

/* Begin XCConfigurationList section */
		96C7863E1FDD3B1A00E9FD08 /* Build configuration list for PBXProject "ARBasketBall" */ = {
			isa = XCConfigurationList;
			buildConfigurations = (
				96C786551FDD3B1B00E9FD08 /* Debug */,
				96C786561FDD3B1B00E9FD08 /* Release */,
			);
			defaultConfigurationIsVisible = 0;
			defaultConfigurationName = Release;
		};
		96C786571FDD3B1B00E9FD08 /* Build configuration list for PBXNativeTarget "ARBasketBall" */ = {
			isa = XCConfigurationList;
			buildConfigurations = (
				96C786581FDD3B1B00E9FD08 /* Debug */,
				96C786591FDD3B1B00E9FD08 /* Release */,
			);
			defaultConfigurationIsVisible = 0;
			defaultConfigurationName = Release;
		};
/* End XCConfigurationList section */
	};
	rootObject = 96C7863B1FDD3B1A00E9FD08 /* Project object */;
}
